
Microsoft Visual Studio Solution File, Format Version 12.00
# Visual Studio 2015
Project("{FAE04EC0-301F-11D3-BF4B-00C04F79EFBC}") = "Run Devil Run", "Run Devil Run.csproj", "{D46C74F6-E311-03A7-5C71-4A1EFB22AACC}"
EndProject
Project("{FAE04EC0-301F-11D3-BF4B-00C04F79EFBC}") = "Run Devil Run.Editor", "Run Devil Run.Editor.csproj", "{3F73C587-7AC6-E1C4-130C-92DDA5A95106}"
EndProject
Global
	GlobalSection(SolutionConfigurationPlatforms) = preSolution
		Debug|Any CPU = Debug|Any CPU
		Release|Any CPU = Release|Any CPU
	EndGlobalSection
	GlobalSection(ProjectConfigurationPlatforms) = postSolution
		{D46C74F6-E311-03A7-5C71-4A1EFB22AACC}.Debug|Any CPU.ActiveCfg = Debug|Any CPU
		{D46C74F6-E311-03A7-5C71-4A1EFB22AACC}.Debug|Any CPU.Build.0 = Debug|Any CPU
		{D46C74F6-E311-03A7-5C71-4A1EFB22AACC}.Release|Any CPU.ActiveCfg = Release|Any CPU
		{D46C74F6-E311-03A7-5C71-4A1EFB22AACC}.Release|Any CPU.Build.0 = Release|Any CPU
		{3F73C587-7AC6-E1C4-130C-92DDA5A95106}.Debug|Any CPU.ActiveCfg = Debug|Any CPU
		{3F73C587-7AC6-E1C4-130C-92DDA5A95106}.Debug|Any CPU.Build.0 = Debug|Any CPU
		{3F73C587-7AC6-E1C4-130C-92DDA5A95106}.Release|Any CPU.ActiveCfg = Release|Any CPU
		{3F73C587-7AC6-E1C4-130C-92DDA5A95106}.Release|Any CPU.Build.0 = Release|Any CPU
	EndGlobalSection
	GlobalSection(SolutionProperties) = preSolution
		HideSolutionNode = FALSE
	EndGlobalSection
EndGlobal
